
Microsoft Visual Studio Solution File, Format Version 12.00
# Visual Studio Version 16
VisualStudioVersion = 16.0.31911.196
MinimumVisualStudioVersion = 10.0.40219.1
Project("{FAE04EC0-301F-11D3-BF4B-00C04F79EFBC}") = "App1", "App1\App1.csproj", "{980212CB-92FA-4733-A9F4-B9CCFB80BFD3}"
EndProject
Global
	GlobalSection(SolutionConfigurationPlatforms) = preSolution
		Debug|Any CPU = Debug|Any CPU
		Release|Any CPU = Release|Any CPU
	EndGlobalSection
	GlobalSection(ProjectConfigurationPlatforms) = postSolution
		{980212CB-92FA-4733-A9F4-B9CCFB80BFD3}.Debug|Any CPU.ActiveCfg = Debug|Any CPU
		{980212CB-92FA-4733-A9F4-B9CCFB80BFD3}.Debug|Any CPU.Build.0 = Debug|Any CPU
		{980212CB-92FA-4733-A9F4-B9CCFB80BFD3}.Release|Any CPU.ActiveCfg = Release|Any CPU
		{980212CB-92FA-4733-A9F4-B9CCFB80BFD3}.Release|Any CPU.Build.0 = Release|Any CPU
	EndGlobalSection
	GlobalSection(SolutionProperties) = preSolution
		HideSolutionNode = FALSE
	EndGlobalSection
	GlobalSection(ExtensibilityGlobals) = postSolution
		SolutionGuid = {4BF2E0F5-DA49-4166-A7E6-159DB6CB9420}
	EndGlobalSection
EndGlobal
