
Microsoft Visual Studio Solution File, Format Version 12.00
# Visual Studio Version 16
VisualStudioVersion = 16.0.31911.196
MinimumVisualStudioVersion = 10.0.40219.1
Project("{FAE04EC0-301F-11D3-BF4B-00C04F79EFBC}") = "Postavitve", "Postavitve\Postavitve.csproj", "{A5BCF366-61EF-4815-92C1-5F9713B9CA8B}"
EndProject
Global
	GlobalSection(SolutionConfigurationPlatforms) = preSolution
		Debug|Any CPU = Debug|Any CPU
		Release|Any CPU = Release|Any CPU
	EndGlobalSection
	GlobalSection(ProjectConfigurationPlatforms) = postSolution
		{A5BCF366-61EF-4815-92C1-5F9713B9CA8B}.Debug|Any CPU.ActiveCfg = Debug|Any CPU
		{A5BCF366-61EF-4815-92C1-5F9713B9CA8B}.Debug|Any CPU.Build.0 = Debug|Any CPU
		{A5BCF366-61EF-4815-92C1-5F9713B9CA8B}.Release|Any CPU.ActiveCfg = Release|Any CPU
		{A5BCF366-61EF-4815-92C1-5F9713B9CA8B}.Release|Any CPU.Build.0 = Release|Any CPU
	EndGlobalSection
	GlobalSection(SolutionProperties) = preSolution
		HideSolutionNode = FALSE
	EndGlobalSection
	GlobalSection(ExtensibilityGlobals) = postSolution
		SolutionGuid = {56A7619E-A174-4F60-AE6A-65E25DB4FAC4}
	EndGlobalSection
EndGlobal
